
Microsoft Visual Studio Solution File, Format Version 12.00
Project("{FAE04EC0-301F-11D3-BF4B-00C04F79EFBC}") = "ikt201Project", "ikt201Project\ikt201Project.csproj", "{7D551B8A-CB6E-43D7-BABD-2F7FC0889515}"
EndProject
Global
	GlobalSection(SolutionConfigurationPlatforms) = preSolution
		Debug|Any CPU = Debug|Any CPU
		Release|Any CPU = Release|Any CPU
	EndGlobalSection
	GlobalSection(ProjectConfigurationPlatforms) = postSolution
		{7D551B8A-CB6E-43D7-BABD-2F7FC0889515}.Debug|Any CPU.ActiveCfg = Debug|Any CPU
		{7D551B8A-CB6E-43D7-BABD-2F7FC0889515}.Debug|Any CPU.Build.0 = Debug|Any CPU
		{7D551B8A-CB6E-43D7-BABD-2F7FC0889515}.Release|Any CPU.ActiveCfg = Release|Any CPU
		{7D551B8A-CB6E-43D7-BABD-2F7FC0889515}.Release|Any CPU.Build.0 = Release|Any CPU
	EndGlobalSection
EndGlobal
